<Solution>
  <Folder Name="/assets/">
    <File Path="Directory.Build.props" />
    <File Path="Directory.Version.props" />
  </Folder>
  <Folder Name="/Infrastructure/">
    <Project Path="ByteGuard.Codex.Infrastructure.Sqlite/ByteGuard.Codex.Infrastructure.Sqlite.csproj" />
  </Folder>
  <Folder Name="/Presentation/">
    <Project Path="ByteGuard.Codex.Api/ByteGuard.Codex.Api.csproj" />
  </Folder>
  <Project Path="ByteGuard.Codex.Core/ByteGuard.Codex.Core.csproj" />
</Solution>
